{
  "projects": [
    {
      "projectId": "22U3ZXm4dE59qEW488gxzU",
      "version": "0.4.0",
      "dependencies": {},
      "lang": "ts",
      "fileLocks": [
        {
          "assetId": "22U3ZXm4dE59qEW488gxzU",
          "type": "projectCss",
          "checksum": "ea328be60296c605e32740632c6a5f34"
        },
        {
          "assetId": "22U3ZXm4dE59qEW488gxzU",
          "checksum": "d1103af3d09ed83b0e595b6cdcc0d934",
          "type": "globalContexts"
        }
      ],
      "codegenVersion": "0.0.1"
    },
    {
      "projectId": "sqsUtdEY9EziH5JCt3D7uY",
      "version": "latest",
      "dependencies": {
        "22U3ZXm4dE59qEW488gxzU": "0.4.0"
      },
      "lang": "ts",
      "fileLocks": [
        {
          "type": "globalVariant",
          "assetId": "Qo0Z9eiWgEMOL",
          "checksum": "c3432cdfed7e96df61ad4cd5c44d65b3"
        },
        {
          "assetId": "sqsUtdEY9EziH5JCt3D7uY",
          "checksum": "6b5ab22126477aed3a90ffac33cc6b05",
          "type": "globalContexts"
        },
        {
          "type": "renderModule",
          "assetId": "1HwcT7Xtgy21",
          "checksum": "8a6940b450b229ec486bf2f875e72860"
        },
        {
          "type": "cssRules",
          "assetId": "1HwcT7Xtgy21",
          "checksum": "8a6940b450b229ec486bf2f875e72860"
        },
        {
          "type": "renderModule",
          "assetId": "eGAkIo7VuV",
          "checksum": "fb3080c805960b88afdba3d0b5edad67"
        },
        {
          "type": "cssRules",
          "assetId": "eGAkIo7VuV",
          "checksum": "fb3080c805960b88afdba3d0b5edad67"
        },
        {
          "type": "renderModule",
          "assetId": "KyRWDtnvsi",
          "checksum": "464c573734c9cc732ffb36bc3c46c972"
        },
        {
          "type": "cssRules",
          "assetId": "KyRWDtnvsi",
          "checksum": "464c573734c9cc732ffb36bc3c46c972"
        },
        {
          "assetId": "sqsUtdEY9EziH5JCt3D7uY",
          "type": "projectCss",
          "checksum": "cc8f8b18d561cdcbdbe5b3ffe7ca777a"
        },
        {
          "type": "renderModule",
          "assetId": "F6P_0Ibk5i6",
          "checksum": "f8ba2eb0ae8039e04674260566fff17e"
        },
        {
          "type": "cssRules",
          "assetId": "F6P_0Ibk5i6",
          "checksum": "f8ba2eb0ae8039e04674260566fff17e"
        }
      ],
      "codegenVersion": "0.0.1"
    }
  ],
  "cliVersion": "0.1.186"
}
