{
  "projects": [
    {
      "projectId": "22U3ZXm4dE59qEW488gxzU",
      "version": "0.4.0",
      "dependencies": {},
      "lang": "ts",
      "fileLocks": [
        {
          "assetId": "22U3ZXm4dE59qEW488gxzU",
          "type": "projectCss",
          "checksum": "ea328be60296c605e32740632c6a5f34"
        },
        {
          "assetId": "22U3ZXm4dE59qEW488gxzU",
          "checksum": "d1103af3d09ed83b0e595b6cdcc0d934",
          "type": "globalContexts"
        }
      ],
      "codegenVersion": "0.0.1"
    },
    {
      "projectId": "sqsUtdEY9EziH5JCt3D7uY",
      "version": "latest",
      "dependencies": {
        "22U3ZXm4dE59qEW488gxzU": "0.4.0",
        "enk3K4vZ6pmH6kVCoZJXGn": "4.3.0",
        "caTPwKxj5ZrD9LQ7DMdK4Z": "3.4.0"
      },
      "lang": "ts",
      "fileLocks": [
        {
          "type": "globalVariant",
          "assetId": "Qo0Z9eiWgEMOL",
          "checksum": "c3432cdfed7e96df61ad4cd5c44d65b3"
        },
        {
          "assetId": "sqsUtdEY9EziH5JCt3D7uY",
          "checksum": "6b5ab22126477aed3a90ffac33cc6b05",
          "type": "globalContexts"
        },
        {
          "type": "renderModule",
          "assetId": "1HwcT7Xtgy21",
          "checksum": "39725dac57aa5c0d4dbc613266310d76"
        },
        {
          "type": "cssRules",
          "assetId": "1HwcT7Xtgy21",
          "checksum": "39725dac57aa5c0d4dbc613266310d76"
        },
        {
          "type": "renderModule",
          "assetId": "eGAkIo7VuV",
          "checksum": "2dae49660b66221d18dfb10cffa09baa"
        },
        {
          "type": "cssRules",
          "assetId": "eGAkIo7VuV",
          "checksum": "2dae49660b66221d18dfb10cffa09baa"
        },
        {
          "type": "renderModule",
          "assetId": "KyRWDtnvsi",
          "checksum": "50d0ef4275b6e2808aa522cf5a6f023f"
        },
        {
          "type": "cssRules",
          "assetId": "KyRWDtnvsi",
          "checksum": "50d0ef4275b6e2808aa522cf5a6f023f"
        },
        {
          "type": "renderModule",
          "assetId": "F6P_0Ibk5i6",
          "checksum": "b5dd45dabae69b325aa8032e4449acd5"
        },
        {
          "type": "cssRules",
          "assetId": "F6P_0Ibk5i6",
          "checksum": "b5dd45dabae69b325aa8032e4449acd5"
        },
        {
          "type": "renderModule",
          "assetId": "ccyNqBOp-s",
          "checksum": "9d3dbe962e8b67ecf62e3c585484a104"
        },
        {
          "type": "cssRules",
          "assetId": "ccyNqBOp-s",
          "checksum": "9d3dbe962e8b67ecf62e3c585484a104"
        },
        {
          "type": "renderModule",
          "assetId": "PebR7r49CnQ",
          "checksum": "401697ff7eda525ed746f977122df5d7"
        },
        {
          "type": "cssRules",
          "assetId": "PebR7r49CnQ",
          "checksum": "401697ff7eda525ed746f977122df5d7"
        },
        {
          "type": "renderModule",
          "assetId": "fuuTwrOwBL",
          "checksum": "0dfc5dd276f62cc568e1e509c89e4891"
        },
        {
          "type": "cssRules",
          "assetId": "fuuTwrOwBL",
          "checksum": "0dfc5dd276f62cc568e1e509c89e4891"
        },
        {
          "type": "icon",
          "assetId": "yMsiz1JvvB",
          "checksum": "4bb2221f2d2eb92902ba239c51e9e4e9"
        },
        {
          "type": "renderModule",
          "assetId": "-6rOvsYjub",
          "checksum": "b055226fe83a8a052d40549ad2b82560"
        },
        {
          "type": "cssRules",
          "assetId": "-6rOvsYjub",
          "checksum": "b055226fe83a8a052d40549ad2b82560"
        },
        {
          "type": "renderModule",
          "assetId": "UKDNwKMUKx",
          "checksum": "fee78d6814c8bd7452605fcceae19d3d"
        },
        {
          "type": "cssRules",
          "assetId": "UKDNwKMUKx",
          "checksum": "fee78d6814c8bd7452605fcceae19d3d"
        },
        {
          "type": "icon",
          "assetId": "X7pYoTjLr7",
          "checksum": "d8f76000984255e4ba968de963798498"
        },
        {
          "assetId": "sqsUtdEY9EziH5JCt3D7uY",
          "type": "projectCss",
          "checksum": "57fc5095508fad26aa45f65539a3aada"
        }
      ],
      "codegenVersion": "0.0.1"
    },
    {
      "projectId": "caTPwKxj5ZrD9LQ7DMdK4Z",
      "version": "3.4.0",
      "dependencies": {},
      "lang": "ts",
      "fileLocks": [
        {
          "assetId": "caTPwKxj5ZrD9LQ7DMdK4Z",
          "type": "projectCss",
          "checksum": "ab083ab952f1c389c64ad1714f567cde"
        }
      ],
      "codegenVersion": "0.0.1"
    },
    {
      "projectId": "enk3K4vZ6pmH6kVCoZJXGn",
      "version": "4.3.0",
      "dependencies": {},
      "lang": "ts",
      "fileLocks": [
        {
          "assetId": "enk3K4vZ6pmH6kVCoZJXGn",
          "type": "projectCss",
          "checksum": "d1f75498bd54dd0b6999708e1917194a"
        }
      ],
      "codegenVersion": "0.0.1"
    },
    {
      "projectId": "8PtdGodUbexNYgkuyBUcWu",
      "version": "3.3.0",
      "dependencies": {},
      "lang": "ts",
      "fileLocks": [
        {
          "assetId": "8PtdGodUbexNYgkuyBUcWu",
          "type": "projectCss",
          "checksum": "7e3b80b6d31f55f30f0c75df7c103563"
        },
        {
          "assetId": "8PtdGodUbexNYgkuyBUcWu",
          "checksum": "82081a65ef0a9809edc60ec6b4a9d708",
          "type": "globalContexts"
        }
      ],
      "codegenVersion": "0.0.1"
    }
  ],
  "cliVersion": "0.1.186"
}
